
Microsoft Visual Studio Solution File, Format Version 12.00
# Visual Studio Version 17
VisualStudioVersion = 17.11.35312.102
MinimumVisualStudioVersion = 10.0.40219.1
Project("{FAE04EC0-301F-11D3-BF4B-00C04F79EFBC}") = "TCPOpgave4", "TCPOpgave4\TCPOpgave4.csproj", "{D3E15C5F-C4E0-4F85-946A-EDB802842D30}"
EndProject
Global
	GlobalSection(SolutionConfigurationPlatforms) = preSolution
		Debug|Any CPU = Debug|Any CPU
		Release|Any CPU = Release|Any CPU
	EndGlobalSection
	GlobalSection(ProjectConfigurationPlatforms) = postSolution
		{D3E15C5F-C4E0-4F85-946A-EDB802842D30}.Debug|Any CPU.ActiveCfg = Debug|Any CPU
		{D3E15C5F-C4E0-4F85-946A-EDB802842D30}.Debug|Any CPU.Build.0 = Debug|Any CPU
		{D3E15C5F-C4E0-4F85-946A-EDB802842D30}.Release|Any CPU.ActiveCfg = Release|Any CPU
		{D3E15C5F-C4E0-4F85-946A-EDB802842D30}.Release|Any CPU.Build.0 = Release|Any CPU
	EndGlobalSection
	GlobalSection(SolutionProperties) = preSolution
		HideSolutionNode = FALSE
	EndGlobalSection
	GlobalSection(ExtensibilityGlobals) = postSolution
		SolutionGuid = {C67881BD-ACF6-4C38-9F7C-C98F251FF36F}
	EndGlobalSection
EndGlobal
